<?xml version="1.0" encoding="utf-8"?>
<Project ToolsVersion="4.0" xmlns="http://schemas.microsoft.com/developer/msbuild/2003">
  <ItemGroup>
    <Filter Include="src">
      <UniqueIdentifier>{aeb5efab-8bc3-43f2-a4d3-6b1cf900da1c}</UniqueIdentifier>
    </Filter>
    <Filter Include="misc">
      <UniqueIdentifier>{ad642779-4ec2-4ac8-b5d1-bb106d0c6a23}</UniqueIdentifier>
    </Filter>
    <Filter Include="generated">
      <UniqueIdentifier>{7a57586b-03af-4aff-b153-a651630a0db3}</UniqueIdentifier>
    </Filter>
    <Filter Include="utils">
      <UniqueIdentifier>{2d19a8a4-6b1e-47df-8613-db4904833b2a}</UniqueIdentifier>
    </Filter>
    <Filter Include="tests">
      <UniqueIdentifier>{89d8ad53-a71d-424a-802c-aa61c51a5a51}</UniqueIdentifier>
    </Filter>
    <Filter Include="tests\binary_ops">
      <UniqueIdentifier>{eee7d771-2ca7-4aa4-8ab9-fce9cfa5cd5f}</UniqueIdentifier>
    </Filter>
    <Filter Include="tests\comp_ops">
      <UniqueIdentifier>{e49785cc-a467-4c7d-9d61-6b27d76e88c0}</UniqueIdentifier>
    </Filter>
    <Filter Include="tests\entry_point">
      <UniqueIdentifier>{5eb92e41-9ffe-4cea-a6ba-b5d9e6814e41}</UniqueIdentifier>
    </Filter>
    <Filter Include="tests\functions">
      <UniqueIdentifier>{dcc6beaa-a5be-4614-9125-408ec34884fe}</UniqueIdentifier>
    </Filter>
    <Filter Include="tests\globals">
      <UniqueIdentifier>{ca8f1939-ae30-4f3c-a8e2-7885c6ae4d21}</UniqueIdentifier>
    </Filter>
    <Filter Include="tests\if_else">
      <UniqueIdentifier>{800ad22f-a547-4f0f-b9ef-d384bc471e43}</UniqueIdentifier>
    </Filter>
    <Filter Include="tests\loops">
      <UniqueIdentifier>{1dff907a-6263-4160-8136-d6b9ff8d446d}</UniqueIdentifier>
    </Filter>
    <Filter Include="tests\scopes">
      <UniqueIdentifier>{752864fb-1426-4065-970f-45cfae5be7b3}</UniqueIdentifier>
    </Filter>
    <Filter Include="tests\ternary">
      <UniqueIdentifier>{87a1cdf6-cc77-462f-aa57-b4e643fab4e4}</UniqueIdentifier>
    </Filter>
    <Filter Include="tests\unary_ops">
      <UniqueIdentifier>{3e518dcf-900d-4fb6-a1ae-5ad8de23544f}</UniqueIdentifier>
    </Filter>
    <Filter Include="tests\variables">
      <UniqueIdentifier>{37bcfba1-8085-4ab1-ae9b-1ea4a4595324}</UniqueIdentifier>
    </Filter>
    <Filter Include="tests\variables\invalid">
      <UniqueIdentifier>{dd66f588-cdb4-44b7-8197-2d9b98cde0fb}</UniqueIdentifier>
    </Filter>
    <Filter Include="tests\scopes\invalid">
      <UniqueIdentifier>{3fbf4c79-d8e9-4ab5-8713-49e3561d092e}</UniqueIdentifier>
    </Filter>
    <Filter Include="tests\ternary\invalid">
      <UniqueIdentifier>{fb488007-1350-45eb-917b-77ec0b868d47}</UniqueIdentifier>
    </Filter>
    <Filter Include="tests\unary_ops\invalid">
      <UniqueIdentifier>{ca8fe3a6-e6e7-4f7a-aa1e-afe2d8a8c0db}</UniqueIdentifier>
    </Filter>
    <Filter Include="tests\loops\invalid">
      <UniqueIdentifier>{643e6421-a648-4d81-a1ea-b5a2ad08ec0f}</UniqueIdentifier>
    </Filter>
    <Filter Include="tests\if_else\invalid">
      <UniqueIdentifier>{3b990863-50e8-4b3e-9daa-a324c1828567}</UniqueIdentifier>
    </Filter>
    <Filter Include="tests\globals\invalid">
      <UniqueIdentifier>{174dd4a8-f1b0-4a18-9d71-f6f7981daa1d}</UniqueIdentifier>
    </Filter>
    <Filter Include="tests\functions\invalid">
      <UniqueIdentifier>{8be41b4a-d102-4709-a24d-bc7d7610ff34}</UniqueIdentifier>
    </Filter>
    <Filter Include="tests\entry_point\invalid">
      <UniqueIdentifier>{a6a5f08e-862a-456a-8574-26bae541b350}</UniqueIdentifier>
    </Filter>
    <Filter Include="tests\comp_ops\invalid">
      <UniqueIdentifier>{065e79f1-887b-4d7c-81ed-cd8395f9364f}</UniqueIdentifier>
    </Filter>
    <Filter Include="tests\binary_ops\invalid">
      <UniqueIdentifier>{f4f5cd19-e4ae-4997-9599-7739ca9dc62b}</UniqueIdentifier>
    </Filter>
    <Filter Include="tests\binary_ops\valid">
      <UniqueIdentifier>{7eef2033-ffc8-4d80-a1b1-127544a87b88}</UniqueIdentifier>
    </Filter>
    <Filter Include="tests\comp_ops\valid">
      <UniqueIdentifier>{87f50760-b38c-462f-ab4a-6a41e6b41ea3}</UniqueIdentifier>
    </Filter>
    <Filter Include="tests\entry_point\valid">
      <UniqueIdentifier>{1512d8b4-e922-49c8-a910-6183f0d4cb13}</UniqueIdentifier>
    </Filter>
    <Filter Include="tests\functions\valid">
      <UniqueIdentifier>{af0743ba-8dbb-47be-b11b-e3763b80b73b}</UniqueIdentifier>
    </Filter>
    <Filter Include="tests\globals\valid">
      <UniqueIdentifier>{0498e8ed-3003-4b2e-be13-946903bdf05a}</UniqueIdentifier>
    </Filter>
    <Filter Include="tests\if_else\valid">
      <UniqueIdentifier>{63341449-4cb6-45c1-99f7-f4db3168e65d}</UniqueIdentifier>
    </Filter>
    <Filter Include="tests\loops\valid">
      <UniqueIdentifier>{2d94ebb8-650a-47d6-a402-18dabb8fe74c}</UniqueIdentifier>
    </Filter>
    <Filter Include="tests\unary_ops\valid">
      <UniqueIdentifier>{9573f139-9b82-4a3b-93aa-9708bf74817c}</UniqueIdentifier>
    </Filter>
    <Filter Include="tests\ternary\valid">
      <UniqueIdentifier>{333d8477-5b30-4bc9-860e-812d9323e440}</UniqueIdentifier>
    </Filter>
    <Filter Include="tests\scopes\valid">
      <UniqueIdentifier>{8317efca-bbaa-4dba-b19e-5056f11b52c1}</UniqueIdentifier>
    </Filter>
    <Filter Include="tests\variables\valid">
      <UniqueIdentifier>{1cc9c1da-f203-40cb-be55-2e9781a907a2}</UniqueIdentifier>
    </Filter>
  </ItemGroup>
  <ItemGroup>
    <None Include="cpp.hint">
      <Filter>misc</Filter>
    </None>
    <None Include="..\.gitignore">
      <Filter>misc</Filter>
    </None>
    <None Include="..\tests\binary_ops\invalid\missing_second_op.su">
      <Filter>tests\binary_ops\invalid</Filter>
    </None>
    <None Include="..\tests\binary_ops\invalid\no_semicolon.su">
      <Filter>tests\binary_ops\invalid</Filter>
    </None>
    <None Include="..\tests\binary_ops\invalid\malformed_paren.su">
      <Filter>tests\binary_ops\invalid</Filter>
    </None>
    <None Include="..\tests\binary_ops\invalid\missing_first_op.su">
      <Filter>tests\binary_ops\invalid</Filter>
    </None>
    <None Include="..\tests\binary_ops\valid\parens.su">
      <Filter>tests\binary_ops\valid</Filter>
    </None>
    <None Include="..\tests\binary_ops\valid\precedence.su">
      <Filter>tests\binary_ops\valid</Filter>
    </None>
    <None Include="..\tests\binary_ops\valid\sub.su">
      <Filter>tests\binary_ops\valid</Filter>
    </None>
    <None Include="..\tests\binary_ops\valid\sub_neg.su">
      <Filter>tests\binary_ops\valid</Filter>
    </None>
    <None Include="..\tests\binary_ops\valid\unop_add.su">
      <Filter>tests\binary_ops\valid</Filter>
    </None>
    <None Include="..\tests\binary_ops\valid\unop_parens.su">
      <Filter>tests\binary_ops\valid</Filter>
    </None>
    <None Include="..\tests\binary_ops\valid\add.su">
      <Filter>tests\binary_ops\valid</Filter>
    </None>
    <None Include="..\tests\binary_ops\valid\associativity.su">
      <Filter>tests\binary_ops\valid</Filter>
    </None>
    <None Include="..\tests\binary_ops\valid\associativity_2.su">
      <Filter>tests\binary_ops\valid</Filter>
    </None>
    <None Include="..\tests\binary_ops\valid\div.su">
      <Filter>tests\binary_ops\valid</Filter>
    </None>
    <None Include="..\tests\binary_ops\valid\div_neg.su">
      <Filter>tests\binary_ops\valid</Filter>
    </None>
    <None Include="..\tests\binary_ops\valid\mult.su">
      <Filter>tests\binary_ops\valid</Filter>
    </None>
    <None Include="..\tests\comparison_ops\invalid\missing_semicolon.su">
      <Filter>tests\comp_ops\invalid</Filter>
    </None>
    <None Include="..\tests\comparison_ops\invalid\missing_first_op.su">
      <Filter>tests\comp_ops\invalid</Filter>
    </None>
    <None Include="..\tests\comparison_ops\invalid\missing_mid_op.su">
      <Filter>tests\comp_ops\invalid</Filter>
    </None>
    <None Include="..\tests\comparison_ops\invalid\missing_second_op.su">
      <Filter>tests\comp_ops\invalid</Filter>
    </None>
    <None Include="..\tests\comparison_ops\valid\lt_false.su">
      <Filter>tests\comp_ops\valid</Filter>
    </None>
    <None Include="..\tests\comparison_ops\valid\lt_true.su">
      <Filter>tests\comp_ops\valid</Filter>
    </None>
    <None Include="..\tests\comparison_ops\valid\ne_false.su">
      <Filter>tests\comp_ops\valid</Filter>
    </None>
    <None Include="..\tests\comparison_ops\valid\ne_true.su">
      <Filter>tests\comp_ops\valid</Filter>
    </None>
    <None Include="..\tests\comparison_ops\valid\or_false.su">
      <Filter>tests\comp_ops\valid</Filter>
    </None>
    <None Include="..\tests\comparison_ops\valid\or_true.su">
      <Filter>tests\comp_ops\valid</Filter>
    </None>
    <None Include="..\tests\comparison_ops\valid\precedence.su">
      <Filter>tests\comp_ops\valid</Filter>
    </None>
    <None Include="..\tests\comparison_ops\valid\precedence_2.su">
      <Filter>tests\comp_ops\valid</Filter>
    </None>
    <None Include="..\tests\comparison_ops\valid\precedence_3.su">
      <Filter>tests\comp_ops\valid</Filter>
    </None>
    <None Include="..\tests\comparison_ops\valid\precedence_4.su">
      <Filter>tests\comp_ops\valid</Filter>
    </None>
    <None Include="..\tests\comparison_ops\valid\skip_on_failure_multi_short_circuit.su">
      <Filter>tests\comp_ops\valid</Filter>
    </None>
    <None Include="..\tests\comparison_ops\valid\skip_on_failure_short_circuit_and.su">
      <Filter>tests\comp_ops\valid</Filter>
    </None>
    <None Include="..\tests\comparison_ops\valid\skip_on_failure_short_circuit_or.su">
      <Filter>tests\comp_ops\valid</Filter>
    </None>
    <None Include="..\tests\comparison_ops\valid\and_false.su">
      <Filter>tests\comp_ops\valid</Filter>
    </None>
    <None Include="..\tests\comparison_ops\valid\and_true.su">
      <Filter>tests\comp_ops\valid</Filter>
    </None>
    <None Include="..\tests\comparison_ops\valid\eq_false.su">
      <Filter>tests\comp_ops\valid</Filter>
    </None>
    <None Include="..\tests\comparison_ops\valid\eq_true.su">
      <Filter>tests\comp_ops\valid</Filter>
    </None>
    <None Include="..\tests\comparison_ops\valid\ge_false.su">
      <Filter>tests\comp_ops\valid</Filter>
    </None>
    <None Include="..\tests\comparison_ops\valid\ge_true.su">
      <Filter>tests\comp_ops\valid</Filter>
    </None>
    <None Include="..\tests\comparison_ops\valid\gt_false.su">
      <Filter>tests\comp_ops\valid</Filter>
    </None>
    <None Include="..\tests\comparison_ops\valid\gt_true.su">
      <Filter>tests\comp_ops\valid</Filter>
    </None>
    <None Include="..\tests\comparison_ops\valid\le_false.su">
      <Filter>tests\comp_ops\valid</Filter>
    </None>
    <None Include="..\tests\comparison_ops\valid\le_true.su">
      <Filter>tests\comp_ops\valid</Filter>
    </None>
    <None Include="..\tests\entry_point\invalid\no_semicolon.su">
      <Filter>tests\entry_point\invalid</Filter>
    </None>
    <None Include="..\tests\entry_point\invalid\no_space.su">
      <Filter>tests\entry_point\invalid</Filter>
    </None>
    <None Include="..\tests\entry_point\invalid\wrong_case.su">
      <Filter>tests\entry_point\invalid</Filter>
    </None>
    <None Include="..\tests\entry_point\invalid\missing_paren.su">
      <Filter>tests\entry_point\invalid</Filter>
    </None>
    <None Include="..\tests\entry_point\invalid\missing_retval.su">
      <Filter>tests\entry_point\invalid</Filter>
    </None>
    <None Include="..\tests\entry_point\invalid\no_brace.su">
      <Filter>tests\entry_point\invalid</Filter>
    </None>
    <None Include="..\tests\entry_point\valid\return_0.su">
      <Filter>tests\entry_point\valid</Filter>
    </None>
    <None Include="..\tests\entry_point\valid\return_2.su">
      <Filter>tests\entry_point\valid</Filter>
    </None>
    <None Include="..\tests\entry_point\valid\spaces.su">
      <Filter>tests\entry_point\valid</Filter>
    </None>
    <None Include="..\tests\entry_point\valid\two_funcs.su">
      <Filter>tests\entry_point\valid</Filter>
    </None>
    <None Include="..\tests\entry_point\valid\multi_digit.su">
      <Filter>tests\entry_point\valid</Filter>
    </None>
    <None Include="..\tests\entry_point\valid\newlines.su">
      <Filter>tests\entry_point\valid</Filter>
    </None>
    <None Include="..\tests\entry_point\valid\no_newlines.su">
      <Filter>tests\entry_point\valid</Filter>
    </None>
    <None Include="..\tests\functions\invalid\declaration_mismatch_2.su">
      <Filter>tests\functions\invalid</Filter>
    </None>
    <None Include="..\tests\functions\invalid\redefine_function.su">
      <Filter>tests\functions\invalid</Filter>
    </None>
    <None Include="..\tests\functions\invalid\redefine_variable.su">
      <Filter>tests\functions\invalid</Filter>
    </None>
    <None Include="..\tests\functions\invalid\too_many_args.su">
      <Filter>tests\functions\invalid</Filter>
    </None>
    <None Include="..\tests\functions\invalid\bad_arg.su">
      <Filter>tests\functions\invalid</Filter>
    </None>
    <None Include="..\tests\functions\invalid\declaration_mismatch.su">
      <Filter>tests\functions\invalid</Filter>
    </None>
    <None Include="..\tests\functions\valid\hello_world.su">
      <Filter>tests\functions\valid</Filter>
    </None>
    <None Include="..\tests\functions\valid\later_decl.su">
      <Filter>tests\functions\valid</Filter>
    </None>
    <None Include="..\tests\functions\valid\multi_arg.su">
      <Filter>tests\functions\valid</Filter>
    </None>
    <None Include="..\tests\functions\valid\mutual_recursion.su">
      <Filter>tests\functions\valid</Filter>
    </None>
    <None Include="..\tests\functions\valid\no_arg.su">
      <Filter>tests\functions\valid</Filter>
    </None>
    <None Include="..\tests\functions\valid\precedence.su">
      <Filter>tests\functions\valid</Filter>
    </None>
    <None Include="..\tests\functions\valid\rename_function_param.su">
      <Filter>tests\functions\valid</Filter>
    </None>
    <None Include="..\tests\functions\valid\single_arg.su">
      <Filter>tests\functions\valid</Filter>
    </None>
    <None Include="..\tests\functions\valid\variable_as_arg.su">
      <Filter>tests\functions\valid</Filter>
    </None>
    <None Include="..\tests\functions\valid\expression_args.su">
      <Filter>tests\functions\valid</Filter>
    </None>
    <None Include="..\tests\functions\valid\fib.su">
      <Filter>tests\functions\valid</Filter>
    </None>
    <None Include="..\tests\functions\valid\forward_decl.su">
      <Filter>tests\functions\valid</Filter>
    </None>
    <None Include="..\tests\functions\valid\forward_decl_args.su">
      <Filter>tests\functions\valid</Filter>
    </None>
    <None Include="..\tests\functions\valid\forward_decl_multi_arg.su">
      <Filter>tests\functions\valid</Filter>
    </None>
    <None Include="..\tests\functions\valid\fun_in_expr.su">
      <Filter>tests\functions\valid</Filter>
    </None>
    <None Include="..\tests\globals\invalid\non_constant_init.su">
      <Filter>tests\globals\invalid</Filter>
    </None>
    <None Include="..\tests\globals\invalid\use_before_declaration.su">
      <Filter>tests\globals\invalid</Filter>
    </None>
    <None Include="..\tests\globals\invalid\var_redefined_as_fun.su">
      <Filter>tests\globals\invalid</Filter>
    </None>
    <None Include="..\tests\globals\invalid\variable_used_as_fun.su">
      <Filter>tests\globals\invalid</Filter>
    </None>
    <None Include="..\tests\globals\invalid\fun_redefined_as_var.su">
      <Filter>tests\globals\invalid</Filter>
    </None>
    <None Include="..\tests\globals\invalid\multiple_global_defs.su">
      <Filter>tests\globals\invalid</Filter>
    </None>
    <None Include="..\tests\globals\valid\global.su">
      <Filter>tests\globals\valid</Filter>
    </None>
    <None Include="..\tests\globals\valid\global_not_initialized.su">
      <Filter>tests\globals\valid</Filter>
    </None>
    <None Include="..\tests\globals\valid\global_shadowed.su">
      <Filter>tests\globals\valid</Filter>
    </None>
    <None Include="..\tests\globals\valid\multiple_global.su">
      <Filter>tests\globals\valid</Filter>
    </None>
    <None Include="..\tests\globals\valid\forward_declaration.su">
      <Filter>tests\globals\valid</Filter>
    </None>
    <None Include="..\tests\globals\valid\fun_shadowed_by_variable.su">
      <Filter>tests\globals\valid</Filter>
    </None>
    <None Include="..\tests\if_else\invalid\if_assignment.su">
      <Filter>tests\if_else\invalid</Filter>
    </None>
    <None Include="..\tests\if_else\invalid\mismatched_nesting.su">
      <Filter>tests\if_else\invalid</Filter>
    </None>
    <None Include="..\tests\if_else\invalid\declare_statement.su">
      <Filter>tests\if_else\invalid</Filter>
    </None>
    <None Include="..\tests\if_else\valid\if_nested_5.su">
      <Filter>tests\if_else\valid</Filter>
    </None>
    <None Include="..\tests\if_else\valid\if_not_taken.su">
      <Filter>tests\if_else\valid</Filter>
    </None>
    <None Include="..\tests\if_else\valid\if_taken.su">
      <Filter>tests\if_else\valid</Filter>
    </None>
    <None Include="..\tests\if_else\valid\multiple_if.su">
      <Filter>tests\if_else\valid</Filter>
    </None>
    <None Include="..\tests\if_else\valid\else.su">
      <Filter>tests\if_else\valid</Filter>
    </None>
    <None Include="..\tests\if_else\valid\if_nested.su">
      <Filter>tests\if_else\valid</Filter>
    </None>
    <None Include="..\tests\if_else\valid\if_nested_2.su">
      <Filter>tests\if_else\valid</Filter>
    </None>
    <None Include="..\tests\if_else\valid\if_nested_3.su">
      <Filter>tests\if_else\valid</Filter>
    </None>
    <None Include="..\tests\if_else\valid\if_nested_4.su">
      <Filter>tests\if_else\valid</Filter>
    </None>
    <None Include="..\tests\loops\invalid\syntax_err_do_no_semicolon.su">
      <Filter>tests\loops\invalid</Filter>
    </None>
    <None Include="..\tests\loops\invalid\syntax_err_empty_clause.su">
      <Filter>tests\loops\invalid</Filter>
    </None>
    <None Include="..\tests\loops\invalid\syntax_err_paren_mismatch.su">
      <Filter>tests\loops\invalid</Filter>
    </None>
    <None Include="..\tests\loops\invalid\syntax_err_statement_in_condition.su">
      <Filter>tests\loops\invalid</Filter>
    </None>
    <None Include="..\tests\loops\invalid\syntax_err_too_few_for_clauses.su">
      <Filter>tests\loops\invalid</Filter>
    </None>
    <None Include="..\tests\loops\invalid\syntax_err_too_many_for_clauses.su">
      <Filter>tests\loops\invalid</Filter>
    </None>
    <None Include="..\tests\loops\invalid\break_not_in_loop.su">
      <Filter>tests\loops\invalid</Filter>
    </None>
    <None Include="..\tests\loops\invalid\continue_not_in_loop.su">
      <Filter>tests\loops\invalid</Filter>
    </None>
    <None Include="..\tests\loops\invalid\out_of_scope.su">
      <Filter>tests\loops\invalid</Filter>
    </None>
    <None Include="..\tests\loops\invalid\out_of_scope_do_while.su">
      <Filter>tests\loops\invalid</Filter>
    </None>
    <None Include="..\tests\loops\valid\for_empty.su">
      <Filter>tests\loops\valid</Filter>
    </None>
    <None Include="..\tests\loops\valid\for_nested_scope.su">
      <Filter>tests\loops\valid</Filter>
    </None>
    <None Include="..\tests\loops\valid\for_variable_shadow.su">
      <Filter>tests\loops\valid</Filter>
    </None>
    <None Include="..\tests\loops\valid\nested_break.su">
      <Filter>tests\loops\valid</Filter>
    </None>
    <None Include="..\tests\loops\valid\nested_while.su">
      <Filter>tests\loops\valid</Filter>
    </None>
    <None Include="..\tests\loops\valid\return_in_while.su">
      <Filter>tests\loops\valid</Filter>
    </None>
    <None Include="..\tests\loops\valid\while_multi_statement.su">
      <Filter>tests\loops\valid</Filter>
    </None>
    <None Include="..\tests\loops\valid\while_single_statement.su">
      <Filter>tests\loops\valid</Filter>
    </None>
    <None Include="..\tests\loops\valid\break.su">
      <Filter>tests\loops\valid</Filter>
    </None>
    <None Include="..\tests\loops\valid\continue.su">
      <Filter>tests\loops\valid</Filter>
    </None>
    <None Include="..\tests\loops\valid\continue_empty_post.su">
      <Filter>tests\loops\valid</Filter>
    </None>
    <None Include="..\tests\loops\valid\do_while.su">
      <Filter>tests\loops\valid</Filter>
    </None>
    <None Include="..\tests\loops\valid\empty_expression.su">
      <Filter>tests\loops\valid</Filter>
    </None>
    <None Include="..\tests\loops\valid\for.su">
      <Filter>tests\loops\valid</Filter>
    </None>
    <None Include="..\tests\loops\valid\for_decl.su">
      <Filter>tests\loops\valid</Filter>
    </None>
    <None Include="..\tests\unary_ops\invalid\nested_missing_const.su">
      <Filter>tests\unary_ops\invalid</Filter>
    </None>
    <None Include="..\tests\unary_ops\invalid\wrong_order.su">
      <Filter>tests\unary_ops\invalid</Filter>
    </None>
    <None Include="..\tests\unary_ops\invalid\missing_const.su">
      <Filter>tests\unary_ops\invalid</Filter>
    </None>
    <None Include="..\tests\unary_ops\invalid\missing_semicolon.su">
      <Filter>tests\unary_ops\invalid</Filter>
    </None>
    <None Include="..\tests\unary_ops\valid\nested_ops_2.su">
      <Filter>tests\unary_ops\valid</Filter>
    </None>
    <None Include="..\tests\unary_ops\valid\not_five.su">
      <Filter>tests\unary_ops\valid</Filter>
    </None>
    <None Include="..\tests\unary_ops\valid\not_zero.su">
      <Filter>tests\unary_ops\valid</Filter>
    </None>
    <None Include="..\tests\unary_ops\valid\bitwise.su">
      <Filter>tests\unary_ops\valid</Filter>
    </None>
    <None Include="..\tests\unary_ops\valid\bitwise_zero.su">
      <Filter>tests\unary_ops\valid</Filter>
    </None>
    <None Include="..\tests\unary_ops\valid\neg.su">
      <Filter>tests\unary_ops\valid</Filter>
    </None>
    <None Include="..\tests\unary_ops\valid\nested_ops.su">
      <Filter>tests\unary_ops\valid</Filter>
    </None>
    <None Include="..\tests\ternary\invalid\malformed_ternary.su">
      <Filter>tests\ternary\invalid</Filter>
    </None>
    <None Include="..\tests\ternary\invalid\malformed_ternary_2.su">
      <Filter>tests\ternary\invalid</Filter>
    </None>
    <None Include="..\tests\ternary\invalid\ternary_assign.su">
      <Filter>tests\ternary\invalid</Filter>
    </None>
    <None Include="..\tests\ternary\invalid\incomplete_ternary.su">
      <Filter>tests\ternary\invalid</Filter>
    </None>
    <None Include="..\tests\ternary\valid\nested_ternary.su">
      <Filter>tests\ternary\valid</Filter>
    </None>
    <None Include="..\tests\ternary\valid\nested_ternary_2.su">
      <Filter>tests\ternary\valid</Filter>
    </None>
    <None Include="..\tests\ternary\valid\rh_assignment.su">
      <Filter>tests\ternary\valid</Filter>
    </None>
    <None Include="..\tests\ternary\valid\ternary.su">
      <Filter>tests\ternary\valid</Filter>
    </None>
    <None Include="..\tests\ternary\valid\ternary_short_circuit.su">
      <Filter>tests\ternary\valid</Filter>
    </None>
    <None Include="..\tests\ternary\valid\ternary_short_circuit_2.su">
      <Filter>tests\ternary\valid</Filter>
    </None>
    <None Include="..\tests\ternary\valid\assign_ternary.su">
      <Filter>tests\ternary\valid</Filter>
    </None>
    <None Include="..\tests\ternary\valid\multiple_ternary.su">
      <Filter>tests\ternary\valid</Filter>
    </None>
    <None Include="..\tests\scopes\invalid\syntax_err_extra_brace.su">
      <Filter>tests\scopes\invalid</Filter>
    </None>
    <None Include="..\tests\scopes\invalid\syntax_err_missing_brace.su">
      <Filter>tests\scopes\invalid</Filter>
    </None>
    <None Include="..\tests\scopes\invalid\double_define.su">
      <Filter>tests\scopes\invalid</Filter>
    </None>
    <None Include="..\tests\scopes\invalid\out_of_scope.su">
      <Filter>tests\scopes\invalid</Filter>
    </None>
    <None Include="..\tests\scopes\valid\declare_block.su">
      <Filter>tests\scopes\valid</Filter>
    </None>
    <None Include="..\tests\scopes\valid\declare_late.su">
      <Filter>tests\scopes\valid</Filter>
    </None>
    <None Include="..\tests\scopes\valid\multi_nesting.su">
      <Filter>tests\scopes\valid</Filter>
    </None>
    <None Include="..\tests\scopes\valid\nested_if.su">
      <Filter>tests\scopes\valid</Filter>
    </None>
    <None Include="..\tests\scopes\valid\nested_scope.su">
      <Filter>tests\scopes\valid</Filter>
    </None>
    <None Include="..\tests\scopes\valid\consecutive_blocks.su">
      <Filter>tests\scopes\valid</Filter>
    </None>
    <None Include="..\tests\scopes\valid\consecutive_declarations.su">
      <Filter>tests\scopes\valid</Filter>
    </None>
    <None Include="..\tests\scopes\valid\declare_after_block.su">
      <Filter>tests\scopes\valid</Filter>
    </None>
    <None Include="..\tests\variables\invalid\syntax_err_bad_lvalue_2.su">
      <Filter>tests\variables\invalid</Filter>
    </None>
    <None Include="..\tests\variables\invalid\syntax_err_no_semicolon.su">
      <Filter>tests\variables\invalid</Filter>
    </None>
    <None Include="..\tests\variables\invalid\undeclared_var.su">
      <Filter>tests\variables\invalid</Filter>
    </None>
    <None Include="..\tests\variables\invalid\var_declared_late.su">
      <Filter>tests\variables\invalid</Filter>
    </None>
    <None Include="..\tests\variables\invalid\redefine.su">
      <Filter>tests\variables\invalid</Filter>
    </None>
    <None Include="..\tests\variables\invalid\syntax_err_bad_decl.su">
      <Filter>tests\variables\invalid</Filter>
    </None>
    <None Include="..\tests\variables\invalid\syntax_err_bad_decl_2.su">
      <Filter>tests\variables\invalid</Filter>
    </None>
    <None Include="..\tests\variables\invalid\syntax_err_bad_lvalue.su">
      <Filter>tests\variables\invalid</Filter>
    </None>
    <None Include="..\tests\variables\valid\initialize.su">
      <Filter>tests\variables\valid</Filter>
    </None>
    <None Include="..\tests\variables\valid\missing_return.su">
      <Filter>tests\variables\valid</Filter>
    </None>
    <None Include="..\tests\variables\valid\multiple_vars.su">
      <Filter>tests\variables\valid</Filter>
    </None>
    <None Include="..\tests\variables\valid\no_initialize.su">
      <Filter>tests\variables\valid</Filter>
    </None>
    <None Include="..\tests\variables\valid\refer.su">
      <Filter>tests\variables\valid</Filter>
    </None>
    <None Include="..\tests\variables\valid\unused_exp.su">
      <Filter>tests\variables\valid</Filter>
    </None>
    <None Include="..\tests\variables\valid\assign.su">
      <Filter>tests\variables\valid</Filter>
    </None>
    <None Include="..\tests\variables\valid\assign_val.su">
      <Filter>tests\variables\valid</Filter>
    </None>
    <None Include="..\tests\variables\valid\exp_return_val.su">
      <Filter>tests\variables\valid</Filter>
    </None>
    <None Include="..\tests\_\main.su">
      <Filter>tests</Filter>
    </None>
  </ItemGroup>
  <ItemGroup>
    <ClCompile Include="..\src\su-parser.cpp">
      <Filter>src</Filter>
    </ClCompile>
    <ClCompile Include="..\src\su-assembler.cpp">
      <Filter>src</Filter>
    </ClCompile>
    <ClCompile Include="..\src\su-lexer.cpp">
      <Filter>src</Filter>
    </ClCompile>
    <ClCompile Include="..\src\su-main.cpp">
      <Filter>src</Filter>
    </ClCompile>
    <ClCompile Include="..\src\su-ast-graph.cpp">
      <Filter>src</Filter>
    </ClCompile>
    <ClCompile Include="..\src\su-io.cpp">
      <Filter>src</Filter>
    </ClCompile>
  </ItemGroup>
  <ItemGroup>
    <ClInclude Include="..\src\utils\carray.h">
      <Filter>utils</Filter>
    </ClInclude>
    <ClInclude Include="..\src\utils\cstring.h">
      <Filter>utils</Filter>
    </ClInclude>
    <ClInclude Include="..\src\utils\defines.h">
      <Filter>utils</Filter>
    </ClInclude>
    <ClInclude Include="..\src\utils\hash.h">
      <Filter>utils</Filter>
    </ClInclude>
    <ClInclude Include="..\src\utils\map.h">
      <Filter>utils</Filter>
    </ClInclude>
    <ClInclude Include="..\src\utils\pair.h">
      <Filter>utils</Filter>
    </ClInclude>
    <ClInclude Include="..\src\utils\string.h">
      <Filter>utils</Filter>
    </ClInclude>
    <ClInclude Include="..\src\utils\string_utils.h">
      <Filter>utils</Filter>
    </ClInclude>
    <ClInclude Include="..\src\utils\unicode.h">
      <Filter>utils</Filter>
    </ClInclude>
    <ClInclude Include="..\src\utils\utils.h">
      <Filter>utils</Filter>
    </ClInclude>
    <ClInclude Include="..\src\utils\array.h">
      <Filter>utils</Filter>
    </ClInclude>
    <ClInclude Include="..\src\utils\array_utils.h">
      <Filter>utils</Filter>
    </ClInclude>
    <ClInclude Include="..\src\su-types.h">
      <Filter>src</Filter>
    </ClInclude>
    <ClInclude Include="..\src\su-assembler.h">
      <Filter>src</Filter>
    </ClInclude>
    <ClInclude Include="..\src\su-lexer.h">
      <Filter>src</Filter>
    </ClInclude>
    <ClInclude Include="..\src\su-parser.h">
      <Filter>src</Filter>
    </ClInclude>
  </ItemGroup>
  <ItemGroup>
    <Natvis Include="debugvis.natvis">
      <Filter>misc</Filter>
    </Natvis>
  </ItemGroup>
</Project>