<?xml version="1.0" encoding="utf-8"?>
<Project ToolsVersion="4.0" xmlns="http://schemas.microsoft.com/developer/msbuild/2003">
  <ItemGroup>
    <Filter Include="utils">
      <UniqueIdentifier>{2d19a8a4-6b1e-47df-8613-db4904833b2a}</UniqueIdentifier>
    </Filter>
  </ItemGroup>
  <ItemGroup>
    <None Include="..\main.su" />
  </ItemGroup>
  <ItemGroup>
    <ClCompile Include="..\su-comp.cpp" />
    <ClCompile Include="..\utils\string.cpp">
      <Filter>utils</Filter>
    </ClCompile>
  </ItemGroup>
  <ItemGroup>
    <ClInclude Include="..\util\array.h">
      <Filter>utils</Filter>
    </ClInclude>
    <ClInclude Include="..\utils\array.h">
      <Filter>utils</Filter>
    </ClInclude>
    <ClInclude Include="..\utils\string.h">
      <Filter>utils</Filter>
    </ClInclude>
  </ItemGroup>
</Project>